// !$*UTF8*$!
{
	archiveVersion = 1;
	classes = {
	};
	objectVersion = 50;
	objects = {

/* Begin PBXBuildFile section */
		FE9EE1DC242A493F00216427 /* PLATFORM_API_MacOSX_MidiOut.c in Sources */ = {isa = PBXBuildFile; fileRef = FE9EE14A242A493F00216427 /* PLATFORM_API_MacOSX_MidiOut.c */; };
		FE9EE1DD242A493F00216427 /* PLATFORM_API_MacOSX_Utils.cpp in Sources */ = {isa = PBXBuildFile; fileRef = FE9EE14B242A493F00216427 /* PLATFORM_API_MacOSX_Utils.cpp */; };
		FE9EE1DE242A493F00216427 /* PLATFORM_API_MacOSX_Ports.cpp in Sources */ = {isa = PBXBuildFile; fileRef = FE9EE14C242A493F00216427 /* PLATFORM_API_MacOSX_Ports.cpp */; };
		FE9EE1DF242A493F00216427 /* PLATFORM_API_MacOSX_MidiIn.c in Sources */ = {isa = PBXBuildFile; fileRef = FE9EE14F242A493F00216427 /* PLATFORM_API_MacOSX_MidiIn.c */; };
		FE9EE1E0242A493F00216427 /* PLATFORM_API_MacOSX_PCM.cpp in Sources */ = {isa = PBXBuildFile; fileRef = FE9EE150242A493F00216427 /* PLATFORM_API_MacOSX_PCM.cpp */; };
		FE9EE1E1242A493F00216427 /* PLATFORM_API_MacOSX_MidiUtils.c in Sources */ = {isa = PBXBuildFile; fileRef = FE9EE151242A493F00216427 /* PLATFORM_API_MacOSX_MidiUtils.c */; };
		FE9EE1E2242A493F00216427 /* Dispatch.m in Sources */ = {isa = PBXBuildFile; fileRef = FE9EE155242A493F00216427 /* Dispatch.m */; };
		FE9EE1E3242A493F00216427 /* CFileManager.m in Sources */ = {isa = PBXBuildFile; fileRef = FE9EE156242A493F00216427 /* CFileManager.m */; };
		FE9EE1E4242A493F00216427 /* jawt.m in Sources */ = {isa = PBXBuildFile; fileRef = FE9EE158242A493F00216427 /* jawt.m */; };
		FE9EE1E5242A493F00216427 /* CGLSurfaceData.m in Sources */ = {isa = PBXBuildFile; fileRef = FE9EE161242A493F00216427 /* CGLSurfaceData.m */; };
		FE9EE1E6242A493F00216427 /* CGLGraphicsConfig.m in Sources */ = {isa = PBXBuildFile; fileRef = FE9EE162242A493F00216427 /* CGLGraphicsConfig.m */; };
		FE9EE1E7242A493F00216427 /* CGLLayer.m in Sources */ = {isa = PBXBuildFile; fileRef = FE9EE163242A493F00216427 /* CGLLayer.m */; };
		FE9EE1E8242A493F00216427 /* CDragSource.m in Sources */ = {isa = PBXBuildFile; fileRef = FE9EE168242A493F00216427 /* CDragSource.m */; };
		FE9EE1E9242A493F00216427 /* CSystemColors.m in Sources */ = {isa = PBXBuildFile; fileRef = FE9EE16D242A493F00216427 /* CSystemColors.m */; };
		FE9EE1EA242A493F00216427 /* JavaTextAccessibility.m in Sources */ = {isa = PBXBuildFile; fileRef = FE9EE16E242A493F00216427 /* JavaTextAccessibility.m */; };
		FE9EE1EB242A493F00216427 /* CDataTransferer.m in Sources */ = {isa = PBXBuildFile; fileRef = FE9EE16F242A493F00216427 /* CDataTransferer.m */; };
		FE9EE1EC242A493F00216427 /* CGraphicsEnv.m in Sources */ = {isa = PBXBuildFile; fileRef = FE9EE170242A493F00216427 /* CGraphicsEnv.m */; };
		FE9EE1ED242A493F00216427 /* CClipboard.m in Sources */ = {isa = PBXBuildFile; fileRef = FE9EE172242A493F00216427 /* CClipboard.m */; };
		FE9EE1EE242A493F00216427 /* CInputMethod.m in Sources */ = {isa = PBXBuildFile; fileRef = FE9EE174242A493F00216427 /* CInputMethod.m */; };
		FE9EE1EF242A493F00216427 /* awt_DrawingSurface.m in Sources */ = {isa = PBXBuildFile; fileRef = FE9EE175242A493F00216427 /* awt_DrawingSurface.m */; };
		FE9EE1F0242A493F00216427 /* SystemHotkey.m in Sources */ = {isa = PBXBuildFile; fileRef = FE9EE176242A493F00216427 /* SystemHotkey.m */; };
		FE9EE1F1242A493F00216427 /* CMenuItem.m in Sources */ = {isa = PBXBuildFile; fileRef = FE9EE177242A493F00216427 /* CMenuItem.m */; };
		FE9EE1F2242A493F00216427 /* JavaAccessibilityUtilities.m in Sources */ = {isa = PBXBuildFile; fileRef = FE9EE178242A493F00216427 /* JavaAccessibilityUtilities.m */; };
		FE9EE1F3242A493F00216427 /* GeomUtilities.m in Sources */ = {isa = PBXBuildFile; fileRef = FE9EE17B242A493F00216427 /* GeomUtilities.m */; };
		FE9EE1F4242A493F00216427 /* CDragSourceContextPeer.m in Sources */ = {isa = PBXBuildFile; fileRef = FE9EE17D242A493F00216427 /* CDragSourceContextPeer.m */; };
		FE9EE1F5242A493F00216427 /* PrinterView.m in Sources */ = {isa = PBXBuildFile; fileRef = FE9EE17E242A493F00216427 /* PrinterView.m */; };
		FE9EE1F6242A493F00216427 /* CDropTarget.m in Sources */ = {isa = PBXBuildFile; fileRef = FE9EE181242A493F00216427 /* CDropTarget.m */; };
		FE9EE1F7242A493F00216427 /* OSVersion.m in Sources */ = {isa = PBXBuildFile; fileRef = FE9EE184242A493F00216427 /* OSVersion.m */; };
		FE9EE1F8242A493F00216427 /* CGraphicsDevice.m in Sources */ = {isa = PBXBuildFile; fileRef = FE9EE186242A493F00216427 /* CGraphicsDevice.m */; };
		FE9EE1F9242A493F00216427 /* CDesktopPeer.m in Sources */ = {isa = PBXBuildFile; fileRef = FE9EE18A242A493F00216427 /* CDesktopPeer.m */; };
		FE9EE1FA242A493F00216427 /* CTrayIcon.m in Sources */ = {isa = PBXBuildFile; fileRef = FE9EE18C242A493F00216427 /* CTrayIcon.m */; };
		FE9EE1FB242A493F00216427 /* CPopupMenu.m in Sources */ = {isa = PBXBuildFile; fileRef = FE9EE18E242A493F00216427 /* CPopupMenu.m */; };
		FE9EE1FC242A493F00216427 /* QuartzRenderer.m in Sources */ = {isa = PBXBuildFile; fileRef = FE9EE18F242A493F00216427 /* QuartzRenderer.m */; };
		FE9EE1FD242A493F00216427 /* CImage.m in Sources */ = {isa = PBXBuildFile; fileRef = FE9EE190242A493F00216427 /* CImage.m */; };
		FE9EE1FE242A493F00216427 /* CRobotKeyCode.m in Sources */ = {isa = PBXBuildFile; fileRef = FE9EE191242A493F00216427 /* CRobotKeyCode.m */; };
		FE9EE1FF242A493F00216427 /* PrinterSurfaceData.m in Sources */ = {isa = PBXBuildFile; fileRef = FE9EE195242A493F00216427 /* PrinterSurfaceData.m */; };
		FE9EE200242A493F00216427 /* CPrinterJob.m in Sources */ = {isa = PBXBuildFile; fileRef = FE9EE196242A493F00216427 /* CPrinterJob.m */; };
		FE9EE201242A493F00216427 /* CMenuBar.m in Sources */ = {isa = PBXBuildFile; fileRef = FE9EE197242A493F00216427 /* CMenuBar.m */; };
		FE9EE202242A493F00216427 /* QuartzSurfaceData.m in Sources */ = {isa = PBXBuildFile; fileRef = FE9EE198242A493F00216427 /* QuartzSurfaceData.m */; };
		FE9EE203242A493F00216427 /* CMenu.m in Sources */ = {isa = PBXBuildFile; fileRef = FE9EE199242A493F00216427 /* CMenu.m */; };
		FE9EE204242A493F00216427 /* ImageSurfaceData.m in Sources */ = {isa = PBXBuildFile; fileRef = FE9EE19A242A493F00216427 /* ImageSurfaceData.m */; };
		FE9EE205242A493F00216427 /* CCursorManager.m in Sources */ = {isa = PBXBuildFile; fileRef = FE9EE19C242A493F00216427 /* CCursorManager.m */; };
		FE9EE206242A493F00216427 /* DnDUtilities.m in Sources */ = {isa = PBXBuildFile; fileRef = FE9EE19D242A493F00216427 /* DnDUtilities.m */; };
		FE9EE207242A493F00216427 /* CRobot.m in Sources */ = {isa = PBXBuildFile; fileRef = FE9EE19E242A493F00216427 /* CRobot.m */; };
		FE9EE208242A493F00216427 /* AWTSurfaceLayers.m in Sources */ = {isa = PBXBuildFile; fileRef = FE9EE19F242A493F00216427 /* AWTSurfaceLayers.m */; };
		FE9EE209242A493F00216427 /* CFRetainedResource.m in Sources */ = {isa = PBXBuildFile; fileRef = FE9EE1A0242A493F00216427 /* CFRetainedResource.m */; };
		FE9EE20A242A493F00216427 /* AWTView.m in Sources */ = {isa = PBXBuildFile; fileRef = FE9EE1A2242A493F00216427 /* AWTView.m */; };
		FE9EE20B242A493F00216427 /* CMenuComponent.m in Sources */ = {isa = PBXBuildFile; fileRef = FE9EE1A3242A493F00216427 /* CMenuComponent.m */; };
		FE9EE20C242A493F00216427 /* CWrapper.m in Sources */ = {isa = PBXBuildFile; fileRef = FE9EE1A5242A493F00216427 /* CWrapper.m */; };
		FE9EE20D242A493F00216427 /* JavaAccessibilityAction.m in Sources */ = {isa = PBXBuildFile; fileRef = FE9EE1A7242A493F00216427 /* JavaAccessibilityAction.m */; };
		FE9EE20E242A493F00216427 /* AWTEvent.m in Sources */ = {isa = PBXBuildFile; fileRef = FE9EE1A8242A493F00216427 /* AWTEvent.m */; };
		FE9EE20F242A493F00216427 /* InitIDs.m in Sources */ = {isa = PBXBuildFile; fileRef = FE9EE1AA242A493F00216427 /* InitIDs.m */; };
		FE9EE210242A493F00216427 /* ApplicationDelegate.m in Sources */ = {isa = PBXBuildFile; fileRef = FE9EE1AB242A493F00216427 /* ApplicationDelegate.m */; };
		FE9EE211242A493F00216427 /* CTextPipe.m in Sources */ = {isa = PBXBuildFile; fileRef = FE9EE1AC242A493F00216427 /* CTextPipe.m */; };
		FE9EE212242A493F00216427 /* PrintModel.m in Sources */ = {isa = PBXBuildFile; fileRef = FE9EE1AE242A493F00216427 /* PrintModel.m */; };
		FE9EE213242A493F00216427 /* CDropTargetContextPeer.m in Sources */ = {isa = PBXBuildFile; fileRef = FE9EE1B0242A493F00216427 /* CDropTargetContextPeer.m */; };
		FE9EE214242A493F00216427 /* LWCToolkit.m in Sources */ = {isa = PBXBuildFile; fileRef = FE9EE1B1242A493F00216427 /* LWCToolkit.m */; };
		FE9EE215242A493F00216427 /* AWTWindow.m in Sources */ = {isa = PBXBuildFile; fileRef = FE9EE1B2242A493F00216427 /* AWTWindow.m */; };
		FE9EE216242A493F00216427 /* CFileDialog.m in Sources */ = {isa = PBXBuildFile; fileRef = FE9EE1B3242A493F00216427 /* CFileDialog.m */; };
		FE9EE217242A493F00216427 /* JavaComponentAccessibility.m in Sources */ = {isa = PBXBuildFile; fileRef = FE9EE1B4242A493F00216427 /* JavaComponentAccessibility.m */; };
		FE9EE218242A493F00216427 /* AWTFont.m in Sources */ = {isa = PBXBuildFile; fileRef = FE9EE1B6242A493F00216427 /* AWTFont.m */; };
		FE9EE219242A493F00216427 /* CGGlyphOutlines.m in Sources */ = {isa = PBXBuildFile; fileRef = FE9EE1B8242A493F00216427 /* CGGlyphOutlines.m */; };
		FE9EE21A242A493F00216427 /* CGGlyphImages.m in Sources */ = {isa = PBXBuildFile; fileRef = FE9EE1B9242A493F00216427 /* CGGlyphImages.m */; };
		FE9EE21B242A493F00216427 /* CCharToGlyphMapper.m in Sources */ = {isa = PBXBuildFile; fileRef = FE9EE1BB242A493F00216427 /* CCharToGlyphMapper.m */; };
		FE9EE21C242A493F00216427 /* CoreTextSupport.m in Sources */ = {isa = PBXBuildFile; fileRef = FE9EE1BE242A493F00216427 /* CoreTextSupport.m */; };
		FE9EE21D242A493F00216427 /* AWTStrike.m in Sources */ = {isa = PBXBuildFile; fileRef = FE9EE1BF242A493F00216427 /* AWTStrike.m */; };
		FE9EE21E242A493F00216427 /* ThreadUtilities.m in Sources */ = {isa = PBXBuildFile; fileRef = FE9EE1C3242A493F00216427 /* ThreadUtilities.m */; };
		FE9EE21F242A493F00216427 /* QueuingApplicationDelegate.m in Sources */ = {isa = PBXBuildFile; fileRef = FE9EE1C4242A493F00216427 /* QueuingApplicationDelegate.m */; };
		FE9EE220242A493F00216427 /* AWT_debug.m in Sources */ = {isa = PBXBuildFile; fileRef = FE9EE1C5242A493F00216427 /* AWT_debug.m */; };
		FE9EE221242A493F00216427 /* PropertiesUtilities.m in Sources */ = {isa = PBXBuildFile; fileRef = FE9EE1C6242A493F00216427 /* PropertiesUtilities.m */; };
		FE9EE222242A493F00216427 /* NSApplicationAWT.m in Sources */ = {isa = PBXBuildFile; fileRef = FE9EE1C8242A493F00216427 /* NSApplicationAWT.m */; };
		FE9EE223242A493F00216427 /* splashscreen_sys.m in Sources */ = {isa = PBXBuildFile; fileRef = FE9EE1D1242A493F00216427 /* splashscreen_sys.m */; };
		FE9EE224242A493F00216427 /* JRSUIController.m in Sources */ = {isa = PBXBuildFile; fileRef = FE9EE1D3242A493F00216427 /* JRSUIController.m */; };
		FE9EE225242A493F00216427 /* AquaFileView.m in Sources */ = {isa = PBXBuildFile; fileRef = FE9EE1D4242A493F00216427 /* AquaFileView.m */; };
		FE9EE226242A493F00216427 /* AquaNativeResources.m in Sources */ = {isa = PBXBuildFile; fileRef = FE9EE1D5242A493F00216427 /* AquaNativeResources.m */; };
		FE9EE227242A493F00216427 /* JRSUIFocus.m in Sources */ = {isa = PBXBuildFile; fileRef = FE9EE1D8242A493F00216427 /* JRSUIFocus.m */; };
		FE9EE228242A493F00216427 /* JRSUIConstantSync.m in Sources */ = {isa = PBXBuildFile; fileRef = FE9EE1D9242A493F00216427 /* JRSUIConstantSync.m */; };
		FE9EE229242A493F00216427 /* AquaLookAndFeel.m in Sources */ = {isa = PBXBuildFile; fileRef = FE9EE1DA242A493F00216427 /* AquaLookAndFeel.m */; };
		FE9EE22A242A493F00216427 /* ScreenMenu.m in Sources */ = {isa = PBXBuildFile; fileRef = FE9EE1DB242A493F00216427 /* ScreenMenu.m */; };
/* End PBXBuildFile section */

/* Begin PBXCopyFilesBuildPhase section */
		FE71935023D7236F008827FA /* CopyFiles */ = {
			isa = PBXCopyFilesBuildPhase;
			buildActionMask = 2147483647;
			dstPath = /usr/share/man/man1/;
			dstSubfolderSpec = 0;
			files = (
			);
			runOnlyForDeploymentPostprocessing = 1;
		};
/* End PBXCopyFilesBuildPhase section */

/* Begin PBXFileReference section */
		FE71934923D71BD5008827FA /* SetConfig.sh */ = {isa = PBXFileReference; lastKnownFileType = text.script.sh; path = SetConfig.sh; sourceTree = "<group>"; };
		FE8AA67123D72D8E00CD3DC3 /* AutoComplition */ = {isa = PBXFileReference; explicitFileType = "compiled.mach-o.executable"; includeInIndex = 0; name = AutoComplition; path = /Users/artemsemenov/projects/JB/JetBrainsRuntime_XCode_project/build/Debug/AutoComplition; sourceTree = "<absolute>"; };
		FE8AA67223D738FB00CD3DC3 /* README.md */ = {isa = PBXFileReference; lastKnownFileType = net.daringfireball.markdown; path = README.md; sourceTree = "<group>"; };
		FE9EE14A242A493F00216427 /* PLATFORM_API_MacOSX_MidiOut.c */ = {isa = PBXFileReference; fileEncoding = 4; lastKnownFileType = sourcecode.c.c; path = PLATFORM_API_MacOSX_MidiOut.c; sourceTree = "<group>"; };
		FE9EE14B242A493F00216427 /* PLATFORM_API_MacOSX_Utils.cpp */ = {isa = PBXFileReference; fileEncoding = 4; lastKnownFileType = sourcecode.cpp.cpp; path = PLATFORM_API_MacOSX_Utils.cpp; sourceTree = "<group>"; };
		FE9EE14C242A493F00216427 /* PLATFORM_API_MacOSX_Ports.cpp */ = {isa = PBXFileReference; fileEncoding = 4; lastKnownFileType = sourcecode.cpp.cpp; path = PLATFORM_API_MacOSX_Ports.cpp; sourceTree = "<group>"; };
		FE9EE14D242A493F00216427 /* PLATFORM_API_MacOSX_MidiUtils.h */ = {isa = PBXFileReference; fileEncoding = 4; lastKnownFileType = sourcecode.c.h; path = PLATFORM_API_MacOSX_MidiUtils.h; sourceTree = "<group>"; };
		FE9EE14E242A493F00216427 /* PLATFORM_API_MacOSX_Utils.h */ = {isa = PBXFileReference; fileEncoding = 4; lastKnownFileType = sourcecode.c.h; path = PLATFORM_API_MacOSX_Utils.h; sourceTree = "<group>"; };
		FE9EE14F242A493F00216427 /* PLATFORM_API_MacOSX_MidiIn.c */ = {isa = PBXFileReference; fileEncoding = 4; lastKnownFileType = sourcecode.c.c; path = PLATFORM_API_MacOSX_MidiIn.c; sourceTree = "<group>"; };
		FE9EE150242A493F00216427 /* PLATFORM_API_MacOSX_PCM.cpp */ = {isa = PBXFileReference; fileEncoding = 4; lastKnownFileType = sourcecode.cpp.cpp; path = PLATFORM_API_MacOSX_PCM.cpp; sourceTree = "<group>"; };
		FE9EE151242A493F00216427 /* PLATFORM_API_MacOSX_MidiUtils.c */ = {isa = PBXFileReference; fileEncoding = 4; lastKnownFileType = sourcecode.c.c; path = PLATFORM_API_MacOSX_MidiUtils.c; sourceTree = "<group>"; };
		FE9EE153242A493F00216427 /* jawt_md.h */ = {isa = PBXFileReference; fileEncoding = 4; lastKnownFileType = sourcecode.c.h; path = jawt_md.h; sourceTree = "<group>"; };
		FE9EE155242A493F00216427 /* Dispatch.m */ = {isa = PBXFileReference; fileEncoding = 4; lastKnownFileType = sourcecode.c.objc; path = Dispatch.m; sourceTree = "<group>"; };
		FE9EE156242A493F00216427 /* CFileManager.m */ = {isa = PBXFileReference; fileEncoding = 4; lastKnownFileType = sourcecode.c.objc; path = CFileManager.m; sourceTree = "<group>"; };
		FE9EE158242A493F00216427 /* jawt.m */ = {isa = PBXFileReference; fileEncoding = 4; lastKnownFileType = sourcecode.c.objc; path = jawt.m; sourceTree = "<group>"; };
		FE9EE15C242A493F00216427 /* CGLSurfaceData.h */ = {isa = PBXFileReference; fileEncoding = 4; lastKnownFileType = sourcecode.c.h; path = CGLSurfaceData.h; sourceTree = "<group>"; };
		FE9EE15E242A493F00216427 /* cglext.h */ = {isa = PBXFileReference; fileEncoding = 4; lastKnownFileType = sourcecode.c.h; path = cglext.h; sourceTree = "<group>"; };
		FE9EE15F242A493F00216427 /* CGLGraphicsConfig.h */ = {isa = PBXFileReference; fileEncoding = 4; lastKnownFileType = sourcecode.c.h; path = CGLGraphicsConfig.h; sourceTree = "<group>"; };
		FE9EE160242A493F00216427 /* CGLLayer.h */ = {isa = PBXFileReference; fileEncoding = 4; lastKnownFileType = sourcecode.c.h; path = CGLLayer.h; sourceTree = "<group>"; };
		FE9EE161242A493F00216427 /* CGLSurfaceData.m */ = {isa = PBXFileReference; fileEncoding = 4; lastKnownFileType = sourcecode.c.objc; path = CGLSurfaceData.m; sourceTree = "<group>"; };
		FE9EE162242A493F00216427 /* CGLGraphicsConfig.m */ = {isa = PBXFileReference; fileEncoding = 4; lastKnownFileType = sourcecode.c.objc; path = CGLGraphicsConfig.m; sourceTree = "<group>"; };
		FE9EE163242A493F00216427 /* CGLLayer.m */ = {isa = PBXFileReference; fileEncoding = 4; lastKnownFileType = sourcecode.c.objc; path = CGLLayer.m; sourceTree = "<group>"; };
		FE9EE164242A493F00216427 /* OGLFuncs_md.h */ = {isa = PBXFileReference; fileEncoding = 4; lastKnownFileType = sourcecode.c.h; path = OGLFuncs_md.h; sourceTree = "<group>"; };
		FE9EE166242A493F00216427 /* DnDUtilities.h */ = {isa = PBXFileReference; fileEncoding = 4; lastKnownFileType = sourcecode.c.h; path = DnDUtilities.h; sourceTree = "<group>"; };
		FE9EE167242A493F00216427 /* ImageSurfaceData.h */ = {isa = PBXFileReference; fileEncoding = 4; lastKnownFileType = sourcecode.c.h; path = ImageSurfaceData.h; sourceTree = "<group>"; };
		FE9EE168242A493F00216427 /* CDragSource.m */ = {isa = PBXFileReference; fileEncoding = 4; lastKnownFileType = sourcecode.c.objc; path = CDragSource.m; sourceTree = "<group>"; };
		FE9EE169242A493F00216427 /* CMenu.h */ = {isa = PBXFileReference; fileEncoding = 4; lastKnownFileType = sourcecode.c.h; path = CMenu.h; sourceTree = "<group>"; };
		FE9EE16A242A493F00216427 /* CMenuBar.h */ = {isa = PBXFileReference; fileEncoding = 4; lastKnownFileType = sourcecode.c.h; path = CMenuBar.h; sourceTree = "<group>"; };
		FE9EE16B242A493F00216427 /* QuartzSurfaceData.h */ = {isa = PBXFileReference; fileEncoding = 4; lastKnownFileType = sourcecode.c.h; path = QuartzSurfaceData.h; sourceTree = "<group>"; };
		FE9EE16C242A493F00216427 /* PrinterSurfaceData.h */ = {isa = PBXFileReference; fileEncoding = 4; lastKnownFileType = sourcecode.c.h; path = PrinterSurfaceData.h; sourceTree = "<group>"; };
		FE9EE16D242A493F00216427 /* CSystemColors.m */ = {isa = PBXFileReference; fileEncoding = 4; lastKnownFileType = sourcecode.c.objc; path = CSystemColors.m; sourceTree = "<group>"; };
		FE9EE16E242A493F00216427 /* JavaTextAccessibility.m */ = {isa = PBXFileReference; fileEncoding = 4; lastKnownFileType = sourcecode.c.objc; path = JavaTextAccessibility.m; sourceTree = "<group>"; };
		FE9EE16F242A493F00216427 /* CDataTransferer.m */ = {isa = PBXFileReference; fileEncoding = 4; lastKnownFileType = sourcecode.c.objc; path = CDataTransferer.m; sourceTree = "<group>"; };
		FE9EE170242A493F00216427 /* CGraphicsEnv.m */ = {isa = PBXFileReference; fileEncoding = 4; lastKnownFileType = sourcecode.c.objc; path = CGraphicsEnv.m; sourceTree = "<group>"; };
		FE9EE171242A493F00216427 /* CRobotKeyCode.h */ = {isa = PBXFileReference; fileEncoding = 4; lastKnownFileType = sourcecode.c.h; path = CRobotKeyCode.h; sourceTree = "<group>"; };
		FE9EE172242A493F00216427 /* CClipboard.m */ = {isa = PBXFileReference; fileEncoding = 4; lastKnownFileType = sourcecode.c.objc; path = CClipboard.m; sourceTree = "<group>"; };
		FE9EE173242A493F00216427 /* CPopupMenu.h */ = {isa = PBXFileReference; fileEncoding = 4; lastKnownFileType = sourcecode.c.h; path = CPopupMenu.h; sourceTree = "<group>"; };
		FE9EE174242A493F00216427 /* CInputMethod.m */ = {isa = PBXFileReference; fileEncoding = 4; lastKnownFileType = sourcecode.c.objc; path = CInputMethod.m; sourceTree = "<group>"; };
		FE9EE175242A493F00216427 /* awt_DrawingSurface.m */ = {isa = PBXFileReference; fileEncoding = 4; lastKnownFileType = sourcecode.c.objc; path = awt_DrawingSurface.m; sourceTree = "<group>"; };
		FE9EE176242A493F00216427 /* SystemHotkey.m */ = {isa = PBXFileReference; fileEncoding = 4; lastKnownFileType = sourcecode.c.objc; path = SystemHotkey.m; sourceTree = "<group>"; };
		FE9EE177242A493F00216427 /* CMenuItem.m */ = {isa = PBXFileReference; fileEncoding = 4; lastKnownFileType = sourcecode.c.objc; path = CMenuItem.m; sourceTree = "<group>"; };
		FE9EE178242A493F00216427 /* JavaAccessibilityUtilities.m */ = {isa = PBXFileReference; fileEncoding = 4; lastKnownFileType = sourcecode.c.objc; path = JavaAccessibilityUtilities.m; sourceTree = "<group>"; };
		FE9EE179242A493F00216427 /* CMenuComponent.h */ = {isa = PBXFileReference; fileEncoding = 4; lastKnownFileType = sourcecode.c.h; path = CMenuComponent.h; sourceTree = "<group>"; };
		FE9EE17A242A493F00216427 /* AWTView.h */ = {isa = PBXFileReference; fileEncoding = 4; lastKnownFileType = sourcecode.c.h; path = AWTView.h; sourceTree = "<group>"; };
		FE9EE17B242A493F00216427 /* GeomUtilities.m */ = {isa = PBXFileReference; fileEncoding = 4; lastKnownFileType = sourcecode.c.objc; path = GeomUtilities.m; sourceTree = "<group>"; };
		FE9EE17C242A493F00216427 /* AWTSurfaceLayers.h */ = {isa = PBXFileReference; fileEncoding = 4; lastKnownFileType = sourcecode.c.h; path = AWTSurfaceLayers.h; sourceTree = "<group>"; };
		FE9EE17D242A493F00216427 /* CDragSourceContextPeer.m */ = {isa = PBXFileReference; fileEncoding = 4; lastKnownFileType = sourcecode.c.objc; path = CDragSourceContextPeer.m; sourceTree = "<group>"; };
		FE9EE17E242A493F00216427 /* PrinterView.m */ = {isa = PBXFileReference; fileEncoding = 4; lastKnownFileType = sourcecode.c.objc; path = PrinterView.m; sourceTree = "<group>"; };
		FE9EE17F242A493F00216427 /* ApplicationDelegate.h */ = {isa = PBXFileReference; fileEncoding = 4; lastKnownFileType = sourcecode.c.h; path = ApplicationDelegate.h; sourceTree = "<group>"; };
		FE9EE180242A493F00216427 /* InitIDs.h */ = {isa = PBXFileReference; fileEncoding = 4; lastKnownFileType = sourcecode.c.h; path = InitIDs.h; sourceTree = "<group>"; };
		FE9EE181242A493F00216427 /* CDropTarget.m */ = {isa = PBXFileReference; fileEncoding = 4; lastKnownFileType = sourcecode.c.objc; path = CDropTarget.m; sourceTree = "<group>"; };
		FE9EE182242A493F00216427 /* JavaAccessibilityAction.h */ = {isa = PBXFileReference; fileEncoding = 4; lastKnownFileType = sourcecode.c.h; path = JavaAccessibilityAction.h; sourceTree = "<group>"; };
		FE9EE183242A493F00216427 /* AWTEvent.h */ = {isa = PBXFileReference; fileEncoding = 4; lastKnownFileType = sourcecode.c.h; path = AWTEvent.h; sourceTree = "<group>"; };
		FE9EE184242A493F00216427 /* OSVersion.m */ = {isa = PBXFileReference; fileEncoding = 4; lastKnownFileType = sourcecode.c.objc; path = OSVersion.m; sourceTree = "<group>"; };
		FE9EE185242A493F00216427 /* JavaComponentAccessibility.h */ = {isa = PBXFileReference; fileEncoding = 4; lastKnownFileType = sourcecode.c.h; path = JavaComponentAccessibility.h; sourceTree = "<group>"; };
		FE9EE186242A493F00216427 /* CGraphicsDevice.m */ = {isa = PBXFileReference; fileEncoding = 4; lastKnownFileType = sourcecode.c.objc; path = CGraphicsDevice.m; sourceTree = "<group>"; };
		FE9EE187242A493F00216427 /* CFileDialog.h */ = {isa = PBXFileReference; fileEncoding = 4; lastKnownFileType = sourcecode.c.h; path = CFileDialog.h; sourceTree = "<group>"; };
		FE9EE188242A493F00216427 /* AWTWindow.h */ = {isa = PBXFileReference; fileEncoding = 4; lastKnownFileType = sourcecode.c.h; path = AWTWindow.h; sourceTree = "<group>"; };
		FE9EE189242A493F00216427 /* LWCToolkit.h */ = {isa = PBXFileReference; fileEncoding = 4; lastKnownFileType = sourcecode.c.h; path = LWCToolkit.h; sourceTree = "<group>"; };
		FE9EE18A242A493F00216427 /* CDesktopPeer.m */ = {isa = PBXFileReference; fileEncoding = 4; lastKnownFileType = sourcecode.c.objc; path = CDesktopPeer.m; sourceTree = "<group>"; };
		FE9EE18B242A493F00216427 /* PrintModel.h */ = {isa = PBXFileReference; fileEncoding = 4; lastKnownFileType = sourcecode.c.h; path = PrintModel.h; sourceTree = "<group>"; };
		FE9EE18C242A493F00216427 /* CTrayIcon.m */ = {isa = PBXFileReference; fileEncoding = 4; lastKnownFileType = sourcecode.c.objc; path = CTrayIcon.m; sourceTree = "<group>"; };
		FE9EE18D242A493F00216427 /* CMenuItem.h */ = {isa = PBXFileReference; fileEncoding = 4; lastKnownFileType = sourcecode.c.h; path = CMenuItem.h; sourceTree = "<group>"; };
		FE9EE18E242A493F00216427 /* CPopupMenu.m */ = {isa = PBXFileReference; fileEncoding = 4; lastKnownFileType = sourcecode.c.objc; path = CPopupMenu.m; sourceTree = "<group>"; };
		FE9EE18F242A493F00216427 /* QuartzRenderer.m */ = {isa = PBXFileReference; fileEncoding = 4; lastKnownFileType = sourcecode.c.objc; path = QuartzRenderer.m; sourceTree = "<group>"; };
		FE9EE190242A493F00216427 /* CImage.m */ = {isa = PBXFileReference; fileEncoding = 4; lastKnownFileType = sourcecode.c.objc; path = CImage.m; sourceTree = "<group>"; };
		FE9EE191242A493F00216427 /* CRobotKeyCode.m */ = {isa = PBXFileReference; fileEncoding = 4; lastKnownFileType = sourcecode.c.objc; path = CRobotKeyCode.m; sourceTree = "<group>"; };
		FE9EE192242A493F00216427 /* CDataTransferer.h */ = {isa = PBXFileReference; fileEncoding = 4; lastKnownFileType = sourcecode.c.h; path = CDataTransferer.h; sourceTree = "<group>"; };
		FE9EE193242A493F00216427 /* CSystemColors.h */ = {isa = PBXFileReference; fileEncoding = 4; lastKnownFileType = sourcecode.c.h; path = CSystemColors.h; sourceTree = "<group>"; };
		FE9EE194242A493F00216427 /* JavaTextAccessibility.h */ = {isa = PBXFileReference; fileEncoding = 4; lastKnownFileType = sourcecode.c.h; path = JavaTextAccessibility.h; sourceTree = "<group>"; };
		FE9EE195242A493F00216427 /* PrinterSurfaceData.m */ = {isa = PBXFileReference; fileEncoding = 4; lastKnownFileType = sourcecode.c.objc; path = PrinterSurfaceData.m; sourceTree = "<group>"; };
		FE9EE196242A493F00216427 /* CPrinterJob.m */ = {isa = PBXFileReference; fileEncoding = 4; lastKnownFileType = sourcecode.c.objc; path = CPrinterJob.m; sourceTree = "<group>"; };
		FE9EE197242A493F00216427 /* CMenuBar.m */ = {isa = PBXFileReference; fileEncoding = 4; lastKnownFileType = sourcecode.c.objc; path = CMenuBar.m; sourceTree = "<group>"; };
		FE9EE198242A493F00216427 /* QuartzSurfaceData.m */ = {isa = PBXFileReference; fileEncoding = 4; lastKnownFileType = sourcecode.c.objc; path = QuartzSurfaceData.m; sourceTree = "<group>"; };
		FE9EE199242A493F00216427 /* CMenu.m */ = {isa = PBXFileReference; fileEncoding = 4; lastKnownFileType = sourcecode.c.objc; path = CMenu.m; sourceTree = "<group>"; };
		FE9EE19A242A493F00216427 /* ImageSurfaceData.m */ = {isa = PBXFileReference; fileEncoding = 4; lastKnownFileType = sourcecode.c.objc; path = ImageSurfaceData.m; sourceTree = "<group>"; };
		FE9EE19B242A493F00216427 /* CDragSource.h */ = {isa = PBXFileReference; fileEncoding = 4; lastKnownFileType = sourcecode.c.h; path = CDragSource.h; sourceTree = "<group>"; };
		FE9EE19C242A493F00216427 /* CCursorManager.m */ = {isa = PBXFileReference; fileEncoding = 4; lastKnownFileType = sourcecode.c.objc; path = CCursorManager.m; sourceTree = "<group>"; };
		FE9EE19D242A493F00216427 /* DnDUtilities.m */ = {isa = PBXFileReference; fileEncoding = 4; lastKnownFileType = sourcecode.c.objc; path = DnDUtilities.m; sourceTree = "<group>"; };
		FE9EE19E242A493F00216427 /* CRobot.m */ = {isa = PBXFileReference; fileEncoding = 4; lastKnownFileType = sourcecode.c.objc; path = CRobot.m; sourceTree = "<group>"; };
		FE9EE19F242A493F00216427 /* AWTSurfaceLayers.m */ = {isa = PBXFileReference; fileEncoding = 4; lastKnownFileType = sourcecode.c.objc; path = AWTSurfaceLayers.m; sourceTree = "<group>"; };
		FE9EE1A0242A493F00216427 /* CFRetainedResource.m */ = {isa = PBXFileReference; fileEncoding = 4; lastKnownFileType = sourcecode.c.objc; path = CFRetainedResource.m; sourceTree = "<group>"; };
		FE9EE1A1242A493F00216427 /* GeomUtilities.h */ = {isa = PBXFileReference; fileEncoding = 4; lastKnownFileType = sourcecode.c.h; path = GeomUtilities.h; sourceTree = "<group>"; };
		FE9EE1A2242A493F00216427 /* AWTView.m */ = {isa = PBXFileReference; fileEncoding = 4; lastKnownFileType = sourcecode.c.objc; path = AWTView.m; sourceTree = "<group>"; };
		FE9EE1A3242A493F00216427 /* CMenuComponent.m */ = {isa = PBXFileReference; fileEncoding = 4; lastKnownFileType = sourcecode.c.objc; path = CMenuComponent.m; sourceTree = "<group>"; };
		FE9EE1A4242A493F00216427 /* JavaAccessibilityUtilities.h */ = {isa = PBXFileReference; fileEncoding = 4; lastKnownFileType = sourcecode.c.h; path = JavaAccessibilityUtilities.h; sourceTree = "<group>"; };
		FE9EE1A5242A493F00216427 /* CWrapper.m */ = {isa = PBXFileReference; fileEncoding = 4; lastKnownFileType = sourcecode.c.objc; path = CWrapper.m; sourceTree = "<group>"; };
		FE9EE1A6242A493F00216427 /* OSVersion.h */ = {isa = PBXFileReference; fileEncoding = 4; lastKnownFileType = sourcecode.c.h; path = OSVersion.h; sourceTree = "<group>"; };
		FE9EE1A7242A493F00216427 /* JavaAccessibilityAction.m */ = {isa = PBXFileReference; fileEncoding = 4; lastKnownFileType = sourcecode.c.objc; path = JavaAccessibilityAction.m; sourceTree = "<group>"; };
		FE9EE1A8242A493F00216427 /* AWTEvent.m */ = {isa = PBXFileReference; fileEncoding = 4; lastKnownFileType = sourcecode.c.objc; path = AWTEvent.m; sourceTree = "<group>"; };
		FE9EE1A9242A493F00216427 /* CDropTarget.h */ = {isa = PBXFileReference; fileEncoding = 4; lastKnownFileType = sourcecode.c.h; path = CDropTarget.h; sourceTree = "<group>"; };
		FE9EE1AA242A493F00216427 /* InitIDs.m */ = {isa = PBXFileReference; fileEncoding = 4; lastKnownFileType = sourcecode.c.objc; path = InitIDs.m; sourceTree = "<group>"; };
		FE9EE1AB242A493F00216427 /* ApplicationDelegate.m */ = {isa = PBXFileReference; fileEncoding = 4; lastKnownFileType = sourcecode.c.objc; path = ApplicationDelegate.m; sourceTree = "<group>"; };
		FE9EE1AC242A493F00216427 /* CTextPipe.m */ = {isa = PBXFileReference; fileEncoding = 4; lastKnownFileType = sourcecode.c.objc; path = CTextPipe.m; sourceTree = "<group>"; };
		FE9EE1AD242A493F00216427 /* PrinterView.h */ = {isa = PBXFileReference; fileEncoding = 4; lastKnownFileType = sourcecode.c.h; path = PrinterView.h; sourceTree = "<group>"; };
		FE9EE1AE242A493F00216427 /* PrintModel.m */ = {isa = PBXFileReference; fileEncoding = 4; lastKnownFileType = sourcecode.c.objc; path = PrintModel.m; sourceTree = "<group>"; };
		FE9EE1AF242A493F00216427 /* CTrayIcon.h */ = {isa = PBXFileReference; fileEncoding = 4; lastKnownFileType = sourcecode.c.h; path = CTrayIcon.h; sourceTree = "<group>"; };
		FE9EE1B0242A493F00216427 /* CDropTargetContextPeer.m */ = {isa = PBXFileReference; fileEncoding = 4; lastKnownFileType = sourcecode.c.objc; path = CDropTargetContextPeer.m; sourceTree = "<group>"; };
		FE9EE1B1242A493F00216427 /* LWCToolkit.m */ = {isa = PBXFileReference; fileEncoding = 4; lastKnownFileType = sourcecode.c.objc; path = LWCToolkit.m; sourceTree = "<group>"; };
		FE9EE1B2242A493F00216427 /* AWTWindow.m */ = {isa = PBXFileReference; fileEncoding = 4; lastKnownFileType = sourcecode.c.objc; path = AWTWindow.m; sourceTree = "<group>"; };
		FE9EE1B3242A493F00216427 /* CFileDialog.m */ = {isa = PBXFileReference; fileEncoding = 4; lastKnownFileType = sourcecode.c.objc; path = CFileDialog.m; sourceTree = "<group>"; };
		FE9EE1B4242A493F00216427 /* JavaComponentAccessibility.m */ = {isa = PBXFileReference; fileEncoding = 4; lastKnownFileType = sourcecode.c.objc; path = JavaComponentAccessibility.m; sourceTree = "<group>"; };
		FE9EE1B6242A493F00216427 /* AWTFont.m */ = {isa = PBXFileReference; fileEncoding = 4; lastKnownFileType = sourcecode.c.objc; path = AWTFont.m; sourceTree = "<group>"; };
		FE9EE1B7242A493F00216427 /* CoreTextSupport.h */ = {isa = PBXFileReference; fileEncoding = 4; lastKnownFileType = sourcecode.c.h; path = CoreTextSupport.h; sourceTree = "<group>"; };
		FE9EE1B8242A493F00216427 /* CGGlyphOutlines.m */ = {isa = PBXFileReference; fileEncoding = 4; lastKnownFileType = sourcecode.c.objc; path = CGGlyphOutlines.m; sourceTree = "<group>"; };
		FE9EE1B9242A493F00216427 /* CGGlyphImages.m */ = {isa = PBXFileReference; fileEncoding = 4; lastKnownFileType = sourcecode.c.objc; path = CGGlyphImages.m; sourceTree = "<group>"; };
		FE9EE1BA242A493F00216427 /* AWTStrike.h */ = {isa = PBXFileReference; fileEncoding = 4; lastKnownFileType = sourcecode.c.h; path = AWTStrike.h; sourceTree = "<group>"; };
		FE9EE1BB242A493F00216427 /* CCharToGlyphMapper.m */ = {isa = PBXFileReference; fileEncoding = 4; lastKnownFileType = sourcecode.c.objc; path = CCharToGlyphMapper.m; sourceTree = "<group>"; };
		FE9EE1BC242A493F00216427 /* AWTFont.h */ = {isa = PBXFileReference; fileEncoding = 4; lastKnownFileType = sourcecode.c.h; path = AWTFont.h; sourceTree = "<group>"; };
		FE9EE1BD242A493F00216427 /* CGGlyphOutlines.h */ = {isa = PBXFileReference; fileEncoding = 4; lastKnownFileType = sourcecode.c.h; path = CGGlyphOutlines.h; sourceTree = "<group>"; };
		FE9EE1BE242A493F00216427 /* CoreTextSupport.m */ = {isa = PBXFileReference; fileEncoding = 4; lastKnownFileType = sourcecode.c.objc; path = CoreTextSupport.m; sourceTree = "<group>"; };
		FE9EE1BF242A493F00216427 /* AWTStrike.m */ = {isa = PBXFileReference; fileEncoding = 4; lastKnownFileType = sourcecode.c.objc; path = AWTStrike.m; sourceTree = "<group>"; };
		FE9EE1C0242A493F00216427 /* CGGlyphImages.h */ = {isa = PBXFileReference; fileEncoding = 4; lastKnownFileType = sourcecode.c.h; path = CGGlyphImages.h; sourceTree = "<group>"; };
		FE9EE1C2242A493F00216427 /* NSApplicationAWT.h */ = {isa = PBXFileReference; fileEncoding = 4; lastKnownFileType = sourcecode.c.h; path = NSApplicationAWT.h; sourceTree = "<group>"; };
		FE9EE1C3242A493F00216427 /* ThreadUtilities.m */ = {isa = PBXFileReference; fileEncoding = 4; lastKnownFileType = sourcecode.c.objc; path = ThreadUtilities.m; sourceTree = "<group>"; };
		FE9EE1C4242A493F00216427 /* QueuingApplicationDelegate.m */ = {isa = PBXFileReference; fileEncoding = 4; lastKnownFileType = sourcecode.c.objc; path = QueuingApplicationDelegate.m; sourceTree = "<group>"; };
		FE9EE1C5242A493F00216427 /* AWT_debug.m */ = {isa = PBXFileReference; fileEncoding = 4; lastKnownFileType = sourcecode.c.objc; path = AWT_debug.m; sourceTree = "<group>"; };
		FE9EE1C6242A493F00216427 /* PropertiesUtilities.m */ = {isa = PBXFileReference; fileEncoding = 4; lastKnownFileType = sourcecode.c.objc; path = PropertiesUtilities.m; sourceTree = "<group>"; };
		FE9EE1C7242A493F00216427 /* ThreadUtilities.h */ = {isa = PBXFileReference; fileEncoding = 4; lastKnownFileType = sourcecode.c.h; path = ThreadUtilities.h; sourceTree = "<group>"; };
		FE9EE1C8242A493F00216427 /* NSApplicationAWT.m */ = {isa = PBXFileReference; fileEncoding = 4; lastKnownFileType = sourcecode.c.objc; path = NSApplicationAWT.m; sourceTree = "<group>"; };
		FE9EE1C9242A493F00216427 /* QueuingApplicationDelegate.h */ = {isa = PBXFileReference; fileEncoding = 4; lastKnownFileType = sourcecode.c.h; path = QueuingApplicationDelegate.h; sourceTree = "<group>"; };
		FE9EE1CA242A493F00216427 /* PropertiesUtilities.h */ = {isa = PBXFileReference; fileEncoding = 4; lastKnownFileType = sourcecode.c.h; path = PropertiesUtilities.h; sourceTree = "<group>"; };
		FE9EE1CB242A493F00216427 /* AWT_debug.h */ = {isa = PBXFileReference; fileEncoding = 4; lastKnownFileType = sourcecode.c.h; path = AWT_debug.h; sourceTree = "<group>"; };
		FE9EE1CF242A493F00216427 /* zlib.h */ = {isa = PBXFileReference; fileEncoding = 4; lastKnownFileType = sourcecode.c.h; path = zlib.h; sourceTree = "<group>"; };
		FE9EE1D0242A493F00216427 /* splashscreen_config.h */ = {isa = PBXFileReference; fileEncoding = 4; lastKnownFileType = sourcecode.c.h; path = splashscreen_config.h; sourceTree = "<group>"; };
		FE9EE1D1242A493F00216427 /* splashscreen_sys.m */ = {isa = PBXFileReference; fileEncoding = 4; lastKnownFileType = sourcecode.c.objc; path = splashscreen_sys.m; sourceTree = "<group>"; };
		FE9EE1D3242A493F00216427 /* JRSUIController.m */ = {isa = PBXFileReference; fileEncoding = 4; lastKnownFileType = sourcecode.c.objc; path = JRSUIController.m; sourceTree = "<group>"; };
		FE9EE1D4242A493F00216427 /* AquaFileView.m */ = {isa = PBXFileReference; fileEncoding = 4; lastKnownFileType = sourcecode.c.objc; path = AquaFileView.m; sourceTree = "<group>"; };
		FE9EE1D5242A493F00216427 /* AquaNativeResources.m */ = {isa = PBXFileReference; fileEncoding = 4; lastKnownFileType = sourcecode.c.objc; path = AquaNativeResources.m; sourceTree = "<group>"; };
		FE9EE1D6242A493F00216427 /* JRSUIConstantSync.h */ = {isa = PBXFileReference; fileEncoding = 4; lastKnownFileType = sourcecode.c.h; path = JRSUIConstantSync.h; sourceTree = "<group>"; };
		FE9EE1D7242A493F00216427 /* ScreenMenu.h */ = {isa = PBXFileReference; fileEncoding = 4; lastKnownFileType = sourcecode.c.h; path = ScreenMenu.h; sourceTree = "<group>"; };
		FE9EE1D8242A493F00216427 /* JRSUIFocus.m */ = {isa = PBXFileReference; fileEncoding = 4; lastKnownFileType = sourcecode.c.objc; path = JRSUIFocus.m; sourceTree = "<group>"; };
		FE9EE1D9242A493F00216427 /* JRSUIConstantSync.m */ = {isa = PBXFileReference; fileEncoding = 4; lastKnownFileType = sourcecode.c.objc; path = JRSUIConstantSync.m; sourceTree = "<group>"; };
		FE9EE1DA242A493F00216427 /* AquaLookAndFeel.m */ = {isa = PBXFileReference; fileEncoding = 4; lastKnownFileType = sourcecode.c.objc; path = AquaLookAndFeel.m; sourceTree = "<group>"; };
		FE9EE1DB242A493F00216427 /* ScreenMenu.m */ = {isa = PBXFileReference; fileEncoding = 4; lastKnownFileType = sourcecode.c.objc; path = ScreenMenu.m; sourceTree = "<group>"; };
/* End PBXFileReference section */

/* Begin PBXFrameworksBuildPhase section */
		FE71934F23D7236F008827FA /* Frameworks */ = {
			isa = PBXFrameworksBuildPhase;
			buildActionMask = 2147483647;
			files = (
			);
			runOnlyForDeploymentPostprocessing = 0;
		};
/* End PBXFrameworksBuildPhase section */

/* Begin PBXGroup section */
		FE71933A23D71913008827FA = {
			isa = PBXGroup;
			children = (
				FE8AA67223D738FB00CD3DC3 /* README.md */,
				FE9EE148242A493F00216427 /* native */,
				FE71934923D71BD5008827FA /* SetConfig.sh */,
			);
			sourceTree = "<group>";
		};
		FE9EE148242A493F00216427 /* native */ = {
			isa = PBXGroup;
			children = (
				FE9EE149242A493F00216427 /* libjsound */,
				FE9EE152242A493F00216427 /* include */,
				FE9EE154242A493F00216427 /* libosx */,
				FE9EE157242A493F00216427 /* libjawt */,
				FE9EE159242A493F00216427 /* libawt_lwawt */,
				FE9EE1C1242A493F00216427 /* libosxapp */,
				FE9EE1CC242A493F00216427 /* libsplashscreen */,
				FE9EE1D2242A493F00216427 /* libosxui */,
			);
			name = native;
			path = JetBrainsRuntime/src/java.desktop/macosx/native;
			sourceTree = "<group>";
		};
		FE9EE149242A493F00216427 /* libjsound */ = {
			isa = PBXGroup;
			children = (
				FE9EE14A242A493F00216427 /* PLATFORM_API_MacOSX_MidiOut.c */,
				FE9EE14B242A493F00216427 /* PLATFORM_API_MacOSX_Utils.cpp */,
				FE9EE14C242A493F00216427 /* PLATFORM_API_MacOSX_Ports.cpp */,
				FE9EE14D242A493F00216427 /* PLATFORM_API_MacOSX_MidiUtils.h */,
				FE9EE14E242A493F00216427 /* PLATFORM_API_MacOSX_Utils.h */,
				FE9EE14F242A493F00216427 /* PLATFORM_API_MacOSX_MidiIn.c */,
				FE9EE150242A493F00216427 /* PLATFORM_API_MacOSX_PCM.cpp */,
				FE9EE151242A493F00216427 /* PLATFORM_API_MacOSX_MidiUtils.c */,
			);
			path = libjsound;
			sourceTree = "<group>";
		};
		FE9EE152242A493F00216427 /* include */ = {
			isa = PBXGroup;
			children = (
				FE9EE153242A493F00216427 /* jawt_md.h */,
			);
			path = include;
			sourceTree = "<group>";
		};
		FE9EE154242A493F00216427 /* libosx */ = {
			isa = PBXGroup;
			children = (
				FE9EE155242A493F00216427 /* Dispatch.m */,
				FE9EE156242A493F00216427 /* CFileManager.m */,
			);
			path = libosx;
			sourceTree = "<group>";
		};
		FE9EE157242A493F00216427 /* libjawt */ = {
			isa = PBXGroup;
			children = (
				FE9EE158242A493F00216427 /* jawt.m */,
			);
			path = libjawt;
			sourceTree = "<group>";
		};
		FE9EE159242A493F00216427 /* libawt_lwawt */ = {
			isa = PBXGroup;
			children = (
				FE9EE15A242A493F00216427 /* java2d */,
				FE9EE165242A493F00216427 /* awt */,
				FE9EE1B5242A493F00216427 /* font */,
			);
			path = libawt_lwawt;
			sourceTree = "<group>";
		};
		FE9EE15A242A493F00216427 /* java2d */ = {
			isa = PBXGroup;
			children = (
				FE9EE15B242A493F00216427 /* opengl */,
			);
			path = java2d;
			sourceTree = "<group>";
		};
		FE9EE15B242A493F00216427 /* opengl */ = {
			isa = PBXGroup;
			children = (
				FE9EE15C242A493F00216427 /* CGLSurfaceData.h */,
				FE9EE15D242A493F00216427 /* J2D_GL */,
				FE9EE15F242A493F00216427 /* CGLGraphicsConfig.h */,
				FE9EE160242A493F00216427 /* CGLLayer.h */,
				FE9EE161242A493F00216427 /* CGLSurfaceData.m */,
				FE9EE162242A493F00216427 /* CGLGraphicsConfig.m */,
				FE9EE163242A493F00216427 /* CGLLayer.m */,
				FE9EE164242A493F00216427 /* OGLFuncs_md.h */,
			);
			path = opengl;
			sourceTree = "<group>";
		};
		FE9EE15D242A493F00216427 /* J2D_GL */ = {
			isa = PBXGroup;
			children = (
				FE9EE15E242A493F00216427 /* cglext.h */,
			);
			path = J2D_GL;
			sourceTree = "<group>";
		};
		FE9EE165242A493F00216427 /* awt */ = {
			isa = PBXGroup;
			children = (
				FE9EE166242A493F00216427 /* DnDUtilities.h */,
				FE9EE167242A493F00216427 /* ImageSurfaceData.h */,
				FE9EE168242A493F00216427 /* CDragSource.m */,
				FE9EE169242A493F00216427 /* CMenu.h */,
				FE9EE16A242A493F00216427 /* CMenuBar.h */,
				FE9EE16B242A493F00216427 /* QuartzSurfaceData.h */,
				FE9EE16C242A493F00216427 /* PrinterSurfaceData.h */,
				FE9EE16D242A493F00216427 /* CSystemColors.m */,
				FE9EE16E242A493F00216427 /* JavaTextAccessibility.m */,
				FE9EE16F242A493F00216427 /* CDataTransferer.m */,
				FE9EE170242A493F00216427 /* CGraphicsEnv.m */,
				FE9EE171242A493F00216427 /* CRobotKeyCode.h */,
				FE9EE172242A493F00216427 /* CClipboard.m */,
				FE9EE173242A493F00216427 /* CPopupMenu.h */,
				FE9EE174242A493F00216427 /* CInputMethod.m */,
				FE9EE175242A493F00216427 /* awt_DrawingSurface.m */,
				FE9EE176242A493F00216427 /* SystemHotkey.m */,
				FE9EE177242A493F00216427 /* CMenuItem.m */,
				FE9EE178242A493F00216427 /* JavaAccessibilityUtilities.m */,
				FE9EE179242A493F00216427 /* CMenuComponent.h */,
				FE9EE17A242A493F00216427 /* AWTView.h */,
				FE9EE17B242A493F00216427 /* GeomUtilities.m */,
				FE9EE17C242A493F00216427 /* AWTSurfaceLayers.h */,
				FE9EE17D242A493F00216427 /* CDragSourceContextPeer.m */,
				FE9EE17E242A493F00216427 /* PrinterView.m */,
				FE9EE17F242A493F00216427 /* ApplicationDelegate.h */,
				FE9EE180242A493F00216427 /* InitIDs.h */,
				FE9EE181242A493F00216427 /* CDropTarget.m */,
				FE9EE182242A493F00216427 /* JavaAccessibilityAction.h */,
				FE9EE183242A493F00216427 /* AWTEvent.h */,
				FE9EE184242A493F00216427 /* OSVersion.m */,
				FE9EE185242A493F00216427 /* JavaComponentAccessibility.h */,
				FE9EE186242A493F00216427 /* CGraphicsDevice.m */,
				FE9EE187242A493F00216427 /* CFileDialog.h */,
				FE9EE188242A493F00216427 /* AWTWindow.h */,
				FE9EE189242A493F00216427 /* LWCToolkit.h */,
				FE9EE18A242A493F00216427 /* CDesktopPeer.m */,
				FE9EE18B242A493F00216427 /* PrintModel.h */,
				FE9EE18C242A493F00216427 /* CTrayIcon.m */,
				FE9EE18D242A493F00216427 /* CMenuItem.h */,
				FE9EE18E242A493F00216427 /* CPopupMenu.m */,
				FE9EE18F242A493F00216427 /* QuartzRenderer.m */,
				FE9EE190242A493F00216427 /* CImage.m */,
				FE9EE191242A493F00216427 /* CRobotKeyCode.m */,
				FE9EE192242A493F00216427 /* CDataTransferer.h */,
				FE9EE193242A493F00216427 /* CSystemColors.h */,
				FE9EE194242A493F00216427 /* JavaTextAccessibility.h */,
				FE9EE195242A493F00216427 /* PrinterSurfaceData.m */,
				FE9EE196242A493F00216427 /* CPrinterJob.m */,
				FE9EE197242A493F00216427 /* CMenuBar.m */,
				FE9EE198242A493F00216427 /* QuartzSurfaceData.m */,
				FE9EE199242A493F00216427 /* CMenu.m */,
				FE9EE19A242A493F00216427 /* ImageSurfaceData.m */,
				FE9EE19B242A493F00216427 /* CDragSource.h */,
				FE9EE19C242A493F00216427 /* CCursorManager.m */,
				FE9EE19D242A493F00216427 /* DnDUtilities.m */,
				FE9EE19E242A493F00216427 /* CRobot.m */,
				FE9EE19F242A493F00216427 /* AWTSurfaceLayers.m */,
				FE9EE1A0242A493F00216427 /* CFRetainedResource.m */,
				FE9EE1A1242A493F00216427 /* GeomUtilities.h */,
				FE9EE1A2242A493F00216427 /* AWTView.m */,
				FE9EE1A3242A493F00216427 /* CMenuComponent.m */,
				FE9EE1A4242A493F00216427 /* JavaAccessibilityUtilities.h */,
				FE9EE1A5242A493F00216427 /* CWrapper.m */,
				FE9EE1A6242A493F00216427 /* OSVersion.h */,
				FE9EE1A7242A493F00216427 /* JavaAccessibilityAction.m */,
				FE9EE1A8242A493F00216427 /* AWTEvent.m */,
				FE9EE1A9242A493F00216427 /* CDropTarget.h */,
				FE9EE1AA242A493F00216427 /* InitIDs.m */,
				FE9EE1AB242A493F00216427 /* ApplicationDelegate.m */,
				FE9EE1AC242A493F00216427 /* CTextPipe.m */,
				FE9EE1AD242A493F00216427 /* PrinterView.h */,
				FE9EE1AE242A493F00216427 /* PrintModel.m */,
				FE9EE1AF242A493F00216427 /* CTrayIcon.h */,
				FE9EE1B0242A493F00216427 /* CDropTargetContextPeer.m */,
				FE9EE1B1242A493F00216427 /* LWCToolkit.m */,
				FE9EE1B2242A493F00216427 /* AWTWindow.m */,
				FE9EE1B3242A493F00216427 /* CFileDialog.m */,
				FE9EE1B4242A493F00216427 /* JavaComponentAccessibility.m */,
			);
			path = awt;
			sourceTree = "<group>";
		};
		FE9EE1B5242A493F00216427 /* font */ = {
			isa = PBXGroup;
			children = (
				FE9EE1B6242A493F00216427 /* AWTFont.m */,
				FE9EE1B7242A493F00216427 /* CoreTextSupport.h */,
				FE9EE1B8242A493F00216427 /* CGGlyphOutlines.m */,
				FE9EE1B9242A493F00216427 /* CGGlyphImages.m */,
				FE9EE1BA242A493F00216427 /* AWTStrike.h */,
				FE9EE1BB242A493F00216427 /* CCharToGlyphMapper.m */,
				FE9EE1BC242A493F00216427 /* AWTFont.h */,
				FE9EE1BD242A493F00216427 /* CGGlyphOutlines.h */,
				FE9EE1BE242A493F00216427 /* CoreTextSupport.m */,
				FE9EE1BF242A493F00216427 /* AWTStrike.m */,
				FE9EE1C0242A493F00216427 /* CGGlyphImages.h */,
			);
			path = font;
			sourceTree = "<group>";
		};
		FE9EE1C1242A493F00216427 /* libosxapp */ = {
			isa = PBXGroup;
			children = (
				FE9EE1C2242A493F00216427 /* NSApplicationAWT.h */,
				FE9EE1C3242A493F00216427 /* ThreadUtilities.m */,
				FE9EE1C4242A493F00216427 /* QueuingApplicationDelegate.m */,
				FE9EE1C5242A493F00216427 /* AWT_debug.m */,
				FE9EE1C6242A493F00216427 /* PropertiesUtilities.m */,
				FE9EE1C7242A493F00216427 /* ThreadUtilities.h */,
				FE9EE1C8242A493F00216427 /* NSApplicationAWT.m */,
				FE9EE1C9242A493F00216427 /* QueuingApplicationDelegate.h */,
				FE9EE1CA242A493F00216427 /* PropertiesUtilities.h */,
				FE9EE1CB242A493F00216427 /* AWT_debug.h */,
			);
			path = libosxapp;
			sourceTree = "<group>";
		};
		FE9EE1CC242A493F00216427 /* libsplashscreen */ = {
			isa = PBXGroup;
			children = (
				FE9EE1CD242A493F00216427 /* libpng */,
				FE9EE1D0242A493F00216427 /* splashscreen_config.h */,
				FE9EE1D1242A493F00216427 /* splashscreen_sys.m */,
			);
			path = libsplashscreen;
			sourceTree = "<group>";
		};
		FE9EE1CD242A493F00216427 /* libpng */ = {
			isa = PBXGroup;
			children = (
				FE9EE1CE242A493F00216427 /* zlibwrapper */,
			);
			path = libpng;
			sourceTree = "<group>";
		};
		FE9EE1CE242A493F00216427 /* zlibwrapper */ = {
			isa = PBXGroup;
			children = (
				FE9EE1CF242A493F00216427 /* zlib.h */,
			);
			path = zlibwrapper;
			sourceTree = "<group>";
		};
		FE9EE1D2242A493F00216427 /* libosxui */ = {
			isa = PBXGroup;
			children = (
				FE9EE1D3242A493F00216427 /* JRSUIController.m */,
				FE9EE1D4242A493F00216427 /* AquaFileView.m */,
				FE9EE1D5242A493F00216427 /* AquaNativeResources.m */,
				FE9EE1D6242A493F00216427 /* JRSUIConstantSync.h */,
				FE9EE1D7242A493F00216427 /* ScreenMenu.h */,
				FE9EE1D8242A493F00216427 /* JRSUIFocus.m */,
				FE9EE1D9242A493F00216427 /* JRSUIConstantSync.m */,
				FE9EE1DA242A493F00216427 /* AquaLookAndFeel.m */,
				FE9EE1DB242A493F00216427 /* ScreenMenu.m */,
			);
			path = libosxui;
			sourceTree = "<group>";
		};
/* End PBXGroup section */

/* Begin PBXLegacyTarget section */
		FE71933F23D71913008827FA /* JetBrainsRuntime release */ = {
			isa = PBXLegacyTarget;
			buildArgumentsString = "CONF=macosx-x86_64-normal-server-release images";
			buildConfigurationList = FE71934223D71913008827FA /* Build configuration list for PBXLegacyTarget "JetBrainsRuntime release" */;
			buildPhases = (
			);
			buildToolPath = /usr/bin/make;
			buildWorkingDirectory = ./JetBrainsRuntime/;
			dependencies = (
			);
			name = "JetBrainsRuntime release";
			passBuildSettingsInEnvironment = 1;
			productName = JetBrainsRuntime_XCode_project;
		};
		FE71934523D71B02008827FA /* JetBrainsRuntime debug */ = {
			isa = PBXLegacyTarget;
			buildArgumentsString = "CONF=macosx-x86_64-normal-server-fastdebug images";
			buildConfigurationList = FE71934623D71B02008827FA /* Build configuration list for PBXLegacyTarget "JetBrainsRuntime debug" */;
			buildPhases = (
			);
			buildToolPath = /usr/bin/make;
			buildWorkingDirectory = ./JetBrainsRuntime/;
			dependencies = (
			);
			name = "JetBrainsRuntime debug";
			passBuildSettingsInEnvironment = 1;
			productName = "JetBrainsRuntime debug";
		};
		FE71934A23D72119008827FA /* SetConfiguration */ = {
			isa = PBXLegacyTarget;
			buildArgumentsString = "$(ACTION)";
			buildConfigurationList = FE71934B23D72119008827FA /* Build configuration list for PBXLegacyTarget "SetConfiguration" */;
			buildPhases = (
			);
			buildToolPath = ./SetConfig.sh;
			dependencies = (
			);
			name = SetConfiguration;
			passBuildSettingsInEnvironment = 1;
			productName = SetConfiguration;
		};
/* End PBXLegacyTarget section */

/* Begin PBXNativeTarget section */
		FE71935123D7236F008827FA /* AutoComplition */ = {
			isa = PBXNativeTarget;
			buildConfigurationList = FE71935723D7236F008827FA /* Build configuration list for PBXNativeTarget "AutoComplition" */;
			buildPhases = (
				FE71934E23D7236F008827FA /* Sources */,
				FE71934F23D7236F008827FA /* Frameworks */,
				FE71935023D7236F008827FA /* CopyFiles */,
			);
			buildRules = (
			);
			dependencies = (
			);
			name = AutoComplition;
			productName = AutoComplition;
			productReference = FE8AA67123D72D8E00CD3DC3 /* AutoComplition */;
			productType = "com.apple.product-type.tool";
		};
/* End PBXNativeTarget section */

/* Begin PBXProject section */
		FE71933B23D71913008827FA /* Project object */ = {
			isa = PBXProject;
			attributes = {
				LastUpgradeCheck = 1130;
				ORGANIZATIONNAME = "Артём Семёнов";
				TargetAttributes = {
					FE71933F23D71913008827FA = {
						CreatedOnToolsVersion = 11.3.1;
					};
					FE71934523D71B02008827FA = {
						CreatedOnToolsVersion = 11.3.1;
					};
					FE71934A23D72119008827FA = {
						CreatedOnToolsVersion = 11.3.1;
					};
					FE71935123D7236F008827FA = {
						CreatedOnToolsVersion = 11.3.1;
					};
				};
			};
			buildConfigurationList = FE71933E23D71913008827FA /* Build configuration list for PBXProject "JetBrainsRuntime_XCode_project" */;
			compatibilityVersion = "Xcode 9.3";
			developmentRegion = en;
			hasScannedForEncodings = 0;
			knownRegions = (
				en,
				Base,
			);
			mainGroup = FE71933A23D71913008827FA;
			productRefGroup = FE71933A23D71913008827FA;
			projectDirPath = "";
			projectRoot = "";
			targets = (
				FE71933F23D71913008827FA /* JetBrainsRuntime release */,
				FE71934523D71B02008827FA /* JetBrainsRuntime debug */,
				FE71934A23D72119008827FA /* SetConfiguration */,
				FE71935123D7236F008827FA /* AutoComplition */,
			);
		};
/* End PBXProject section */

/* Begin PBXSourcesBuildPhase section */
		FE71934E23D7236F008827FA /* Sources */ = {
			isa = PBXSourcesBuildPhase;
			buildActionMask = 2147483647;
			files = (
				FE9EE20F242A493F00216427 /* InitIDs.m in Sources */,
				FE9EE214242A493F00216427 /* LWCToolkit.m in Sources */,
				FE9EE210242A493F00216427 /* ApplicationDelegate.m in Sources */,
				FE9EE1E9242A493F00216427 /* CSystemColors.m in Sources */,
				FE9EE1DD242A493F00216427 /* PLATFORM_API_MacOSX_Utils.cpp in Sources */,
				FE9EE21E242A493F00216427 /* ThreadUtilities.m in Sources */,
				FE9EE219242A493F00216427 /* CGGlyphOutlines.m in Sources */,
				FE9EE202242A493F00216427 /* QuartzSurfaceData.m in Sources */,
				FE9EE1FF242A493F00216427 /* PrinterSurfaceData.m in Sources */,
				FE9EE212242A493F00216427 /* PrintModel.m in Sources */,
				FE9EE209242A493F00216427 /* CFRetainedResource.m in Sources */,
				FE9EE1FE242A493F00216427 /* CRobotKeyCode.m in Sources */,
				FE9EE21F242A493F00216427 /* QueuingApplicationDelegate.m in Sources */,
				FE9EE201242A493F00216427 /* CMenuBar.m in Sources */,
				FE9EE229242A493F00216427 /* AquaLookAndFeel.m in Sources */,
				FE9EE223242A493F00216427 /* splashscreen_sys.m in Sources */,
				FE9EE1F9242A493F00216427 /* CDesktopPeer.m in Sources */,
				FE9EE1E2242A493F00216427 /* Dispatch.m in Sources */,
				FE9EE207242A493F00216427 /* CRobot.m in Sources */,
				FE9EE1F0242A493F00216427 /* SystemHotkey.m in Sources */,
				FE9EE20A242A493F00216427 /* AWTView.m in Sources */,
				FE9EE1EA242A493F00216427 /* JavaTextAccessibility.m in Sources */,
				FE9EE1EC242A493F00216427 /* CGraphicsEnv.m in Sources */,
				FE9EE22A242A493F00216427 /* ScreenMenu.m in Sources */,
				FE9EE21A242A493F00216427 /* CGGlyphImages.m in Sources */,
				FE9EE1FC242A493F00216427 /* QuartzRenderer.m in Sources */,
				FE9EE227242A493F00216427 /* JRSUIFocus.m in Sources */,
				FE9EE1F6242A493F00216427 /* CDropTarget.m in Sources */,
				FE9EE1F3242A493F00216427 /* GeomUtilities.m in Sources */,
				FE9EE1DE242A493F00216427 /* PLATFORM_API_MacOSX_Ports.cpp in Sources */,
				FE9EE211242A493F00216427 /* CTextPipe.m in Sources */,
				FE9EE20D242A493F00216427 /* JavaAccessibilityAction.m in Sources */,
				FE9EE1EB242A493F00216427 /* CDataTransferer.m in Sources */,
				FE9EE1EE242A493F00216427 /* CInputMethod.m in Sources */,
				FE9EE21B242A493F00216427 /* CCharToGlyphMapper.m in Sources */,
				FE9EE218242A493F00216427 /* AWTFont.m in Sources */,
				FE9EE1DF242A493F00216427 /* PLATFORM_API_MacOSX_MidiIn.c in Sources */,
				FE9EE203242A493F00216427 /* CMenu.m in Sources */,
				FE9EE217242A493F00216427 /* JavaComponentAccessibility.m in Sources */,
				FE9EE20B242A493F00216427 /* CMenuComponent.m in Sources */,
				FE9EE1E5242A493F00216427 /* CGLSurfaceData.m in Sources */,
				FE9EE1FD242A493F00216427 /* CImage.m in Sources */,
				FE9EE1DC242A493F00216427 /* PLATFORM_API_MacOSX_MidiOut.c in Sources */,
				FE9EE224242A493F00216427 /* JRSUIController.m in Sources */,
				FE9EE215242A493F00216427 /* AWTWindow.m in Sources */,
				FE9EE1F7242A493F00216427 /* OSVersion.m in Sources */,
				FE9EE1F5242A493F00216427 /* PrinterView.m in Sources */,
				FE9EE206242A493F00216427 /* DnDUtilities.m in Sources */,
				FE9EE1ED242A493F00216427 /* CClipboard.m in Sources */,
				FE9EE226242A493F00216427 /* AquaNativeResources.m in Sources */,
				FE9EE1F1242A493F00216427 /* CMenuItem.m in Sources */,
				FE9EE228242A493F00216427 /* JRSUIConstantSync.m in Sources */,
				FE9EE1FB242A493F00216427 /* CPopupMenu.m in Sources */,
				FE9EE1F2242A493F00216427 /* JavaAccessibilityUtilities.m in Sources */,
				FE9EE1E8242A493F00216427 /* CDragSource.m in Sources */,
				FE9EE225242A493F00216427 /* AquaFileView.m in Sources */,
				FE9EE1E0242A493F00216427 /* PLATFORM_API_MacOSX_PCM.cpp in Sources */,
				FE9EE1E4242A493F00216427 /* jawt.m in Sources */,
				FE9EE1F8242A493F00216427 /* CGraphicsDevice.m in Sources */,
				FE9EE20E242A493F00216427 /* AWTEvent.m in Sources */,
				FE9EE213242A493F00216427 /* CDropTargetContextPeer.m in Sources */,
				FE9EE200242A493F00216427 /* CPrinterJob.m in Sources */,
				FE9EE205242A493F00216427 /* CCursorManager.m in Sources */,
				FE9EE1FA242A493F00216427 /* CTrayIcon.m in Sources */,
				FE9EE1E7242A493F00216427 /* CGLLayer.m in Sources */,
				FE9EE222242A493F00216427 /* NSApplicationAWT.m in Sources */,
				FE9EE1E1242A493F00216427 /* PLATFORM_API_MacOSX_MidiUtils.c in Sources */,
				FE9EE220242A493F00216427 /* AWT_debug.m in Sources */,
				FE9EE221242A493F00216427 /* PropertiesUtilities.m in Sources */,
				FE9EE21C242A493F00216427 /* CoreTextSupport.m in Sources */,
				FE9EE204242A493F00216427 /* ImageSurfaceData.m in Sources */,
				FE9EE1F4242A493F00216427 /* CDragSourceContextPeer.m in Sources */,
				FE9EE1E3242A493F00216427 /* CFileManager.m in Sources */,
				FE9EE1E6242A493F00216427 /* CGLGraphicsConfig.m in Sources */,
				FE9EE216242A493F00216427 /* CFileDialog.m in Sources */,
				FE9EE21D242A493F00216427 /* AWTStrike.m in Sources */,
				FE9EE208242A493F00216427 /* AWTSurfaceLayers.m in Sources */,
				FE9EE20C242A493F00216427 /* CWrapper.m in Sources */,
				FE9EE1EF242A493F00216427 /* awt_DrawingSurface.m in Sources */,
			);
			runOnlyForDeploymentPostprocessing = 0;
		};
/* End PBXSourcesBuildPhase section */

/* Begin XCBuildConfiguration section */
		FE71934023D71913008827FA /* Debug */ = {
			isa = XCBuildConfiguration;
			buildSettings = {
				ALWAYS_SEARCH_USER_PATHS = NO;
				CLANG_ANALYZER_NONNULL = YES;
				CLANG_ANALYZER_NUMBER_OBJECT_CONVERSION = YES_AGGRESSIVE;
				CLANG_CXX_LANGUAGE_STANDARD = "gnu++14";
				CLANG_CXX_LIBRARY = "libc++";
				CLANG_ENABLE_MODULES = YES;
				CLANG_ENABLE_OBJC_ARC = YES;
				CLANG_ENABLE_OBJC_WEAK = YES;
				CLANG_WARN_BLOCK_CAPTURE_AUTORELEASING = YES;
				CLANG_WARN_BOOL_CONVERSION = YES;
				CLANG_WARN_COMMA = YES;
				CLANG_WARN_CONSTANT_CONVERSION = YES;
				CLANG_WARN_DEPRECATED_OBJC_IMPLEMENTATIONS = YES;
				CLANG_WARN_DIRECT_OBJC_ISA_USAGE = YES_ERROR;
				CLANG_WARN_DOCUMENTATION_COMMENTS = YES;
				CLANG_WARN_EMPTY_BODY = YES;
				CLANG_WARN_ENUM_CONVERSION = YES;
				CLANG_WARN_INFINITE_RECURSION = YES;
				CLANG_WARN_INT_CONVERSION = YES;
				CLANG_WARN_NON_LITERAL_NULL_CONVERSION = YES;
				CLANG_WARN_OBJC_IMPLICIT_RETAIN_SELF = YES;
				CLANG_WARN_OBJC_LITERAL_CONVERSION = YES;
				CLANG_WARN_OBJC_ROOT_CLASS = YES_ERROR;
				CLANG_WARN_RANGE_LOOP_ANALYSIS = YES;
				CLANG_WARN_STRICT_PROTOTYPES = YES;
				CLANG_WARN_SUSPICIOUS_MOVE = YES;
				CLANG_WARN_UNGUARDED_AVAILABILITY = YES_AGGRESSIVE;
				CLANG_WARN_UNREACHABLE_CODE = YES;
				CLANG_WARN__DUPLICATE_METHOD_MATCH = YES;
				COPY_PHASE_STRIP = NO;
				DEBUG_INFORMATION_FORMAT = dwarf;
				ENABLE_STRICT_OBJC_MSGSEND = YES;
				ENABLE_TESTABILITY = YES;
				GCC_C_LANGUAGE_STANDARD = gnu11;
				GCC_DYNAMIC_NO_PIC = NO;
				GCC_NO_COMMON_BLOCKS = YES;
				GCC_OPTIMIZATION_LEVEL = 0;
				GCC_PREPROCESSOR_DEFINITIONS = (
					"DEBUG=1",
					"$(inherited)",
				);
				GCC_WARN_64_TO_32_BIT_CONVERSION = YES;
				GCC_WARN_ABOUT_RETURN_TYPE = YES_ERROR;
				GCC_WARN_UNDECLARED_SELECTOR = YES;
				GCC_WARN_UNINITIALIZED_AUTOS = YES_AGGRESSIVE;
				GCC_WARN_UNUSED_FUNCTION = YES;
				GCC_WARN_UNUSED_VARIABLE = YES;
				MTL_ENABLE_DEBUG_INFO = INCLUDE_SOURCE;
				MTL_FAST_MATH = YES;
				ONLY_ACTIVE_ARCH = YES;
			};
			name = Debug;
		};
		FE71934123D71913008827FA /* Release */ = {
			isa = XCBuildConfiguration;
			buildSettings = {
				ALWAYS_SEARCH_USER_PATHS = NO;
				CLANG_ANALYZER_NONNULL = YES;
				CLANG_ANALYZER_NUMBER_OBJECT_CONVERSION = YES_AGGRESSIVE;
				CLANG_CXX_LANGUAGE_STANDARD = "gnu++14";
				CLANG_CXX_LIBRARY = "libc++";
				CLANG_ENABLE_MODULES = YES;
				CLANG_ENABLE_OBJC_ARC = YES;
				CLANG_ENABLE_OBJC_WEAK = YES;
				CLANG_WARN_BLOCK_CAPTURE_AUTORELEASING = YES;
				CLANG_WARN_BOOL_CONVERSION = YES;
				CLANG_WARN_COMMA = YES;
				CLANG_WARN_CONSTANT_CONVERSION = YES;
				CLANG_WARN_DEPRECATED_OBJC_IMPLEMENTATIONS = YES;
				CLANG_WARN_DIRECT_OBJC_ISA_USAGE = YES_ERROR;
				CLANG_WARN_DOCUMENTATION_COMMENTS = YES;
				CLANG_WARN_EMPTY_BODY = YES;
				CLANG_WARN_ENUM_CONVERSION = YES;
				CLANG_WARN_INFINITE_RECURSION = YES;
				CLANG_WARN_INT_CONVERSION = YES;
				CLANG_WARN_NON_LITERAL_NULL_CONVERSION = YES;
				CLANG_WARN_OBJC_IMPLICIT_RETAIN_SELF = YES;
				CLANG_WARN_OBJC_LITERAL_CONVERSION = YES;
				CLANG_WARN_OBJC_ROOT_CLASS = YES_ERROR;
				CLANG_WARN_RANGE_LOOP_ANALYSIS = YES;
				CLANG_WARN_STRICT_PROTOTYPES = YES;
				CLANG_WARN_SUSPICIOUS_MOVE = YES;
				CLANG_WARN_UNGUARDED_AVAILABILITY = YES_AGGRESSIVE;
				CLANG_WARN_UNREACHABLE_CODE = YES;
				CLANG_WARN__DUPLICATE_METHOD_MATCH = YES;
				COPY_PHASE_STRIP = NO;
				DEBUG_INFORMATION_FORMAT = "dwarf-with-dsym";
				ENABLE_NS_ASSERTIONS = NO;
				ENABLE_STRICT_OBJC_MSGSEND = YES;
				GCC_C_LANGUAGE_STANDARD = gnu11;
				GCC_NO_COMMON_BLOCKS = YES;
				GCC_WARN_64_TO_32_BIT_CONVERSION = YES;
				GCC_WARN_ABOUT_RETURN_TYPE = YES_ERROR;
				GCC_WARN_UNDECLARED_SELECTOR = YES;
				GCC_WARN_UNINITIALIZED_AUTOS = YES_AGGRESSIVE;
				GCC_WARN_UNUSED_FUNCTION = YES;
				GCC_WARN_UNUSED_VARIABLE = YES;
				MTL_ENABLE_DEBUG_INFO = NO;
				MTL_FAST_MATH = YES;
			};
			name = Release;
		};
		FE71934323D71913008827FA /* Debug */ = {
			isa = XCBuildConfiguration;
			buildSettings = {
				CODE_SIGN_STYLE = Automatic;
				DEBUGGING_SYMBOLS = YES;
				DEBUG_INFORMATION_FORMAT = dwarf;
				DEVELOPMENT_TEAM = 3KRK236DU7;
				GCC_GENERATE_DEBUGGING_SYMBOLS = YES;
				GCC_OPTIMIZATION_LEVEL = 0;
				OTHER_CFLAGS = "";
				OTHER_LDFLAGS = "";
				PRODUCT_NAME = "$(TARGET_NAME)";
			};
			name = Debug;
		};
		FE71934423D71913008827FA /* Release */ = {
			isa = XCBuildConfiguration;
			buildSettings = {
				CODE_SIGN_STYLE = Automatic;
				DEBUG_INFORMATION_FORMAT = "dwarf-with-dsym";
				DEVELOPMENT_TEAM = 3KRK236DU7;
				OTHER_CFLAGS = "";
				OTHER_LDFLAGS = "";
				PRODUCT_NAME = "$(TARGET_NAME)";
			};
			name = Release;
		};
		FE71934723D71B02008827FA /* Debug */ = {
			isa = XCBuildConfiguration;
			buildSettings = {
				CODE_SIGN_STYLE = Automatic;
				DEBUGGING_SYMBOLS = YES;
				DEBUG_INFORMATION_FORMAT = dwarf;
				DEVELOPMENT_TEAM = 3KRK236DU7;
				GCC_GENERATE_DEBUGGING_SYMBOLS = YES;
				GCC_OPTIMIZATION_LEVEL = 0;
				OTHER_CFLAGS = "";
				OTHER_LDFLAGS = "";
				PRODUCT_NAME = "$(TARGET_NAME)";
			};
			name = Debug;
		};
		FE71934823D71B02008827FA /* Release */ = {
			isa = XCBuildConfiguration;
			buildSettings = {
				CODE_SIGN_STYLE = Automatic;
				DEBUG_INFORMATION_FORMAT = "dwarf-with-dsym";
				DEVELOPMENT_TEAM = 3KRK236DU7;
				OTHER_CFLAGS = "";
				OTHER_LDFLAGS = "";
				PRODUCT_NAME = "$(TARGET_NAME)";
			};
			name = Release;
		};
		FE71934C23D72119008827FA /* Debug */ = {
			isa = XCBuildConfiguration;
			buildSettings = {
				CODE_SIGN_STYLE = Automatic;
				DEBUGGING_SYMBOLS = YES;
				DEBUG_INFORMATION_FORMAT = dwarf;
				DEVELOPMENT_TEAM = 3KRK236DU7;
				GCC_GENERATE_DEBUGGING_SYMBOLS = YES;
				GCC_OPTIMIZATION_LEVEL = 0;
				OTHER_CFLAGS = "";
				OTHER_LDFLAGS = "";
				PRODUCT_NAME = "$(TARGET_NAME)";
			};
			name = Debug;
		};
		FE71934D23D72119008827FA /* Release */ = {
			isa = XCBuildConfiguration;
			buildSettings = {
				CODE_SIGN_STYLE = Automatic;
				DEBUG_INFORMATION_FORMAT = "dwarf-with-dsym";
				DEVELOPMENT_TEAM = 3KRK236DU7;
				OTHER_CFLAGS = "";
				OTHER_LDFLAGS = "";
				PRODUCT_NAME = "$(TARGET_NAME)";
			};
			name = Release;
		};
		FE71935823D7236F008827FA /* Debug */ = {
			isa = XCBuildConfiguration;
			buildSettings = {
				CODE_SIGN_STYLE = Automatic;
				DEVELOPMENT_TEAM = 3KRK236DU7;
				ENABLE_HARDENED_RUNTIME = YES;
				MACOSX_DEPLOYMENT_TARGET = 10.15;
				PRODUCT_NAME = "$(TARGET_NAME)";
				SDKROOT = macosx;
			};
			name = Debug;
		};
		FE71935923D7236F008827FA /* Release */ = {
			isa = XCBuildConfiguration;
			buildSettings = {
				CODE_SIGN_STYLE = Automatic;
				DEVELOPMENT_TEAM = 3KRK236DU7;
				ENABLE_HARDENED_RUNTIME = YES;
				MACOSX_DEPLOYMENT_TARGET = 10.15;
				PRODUCT_NAME = "$(TARGET_NAME)";
				SDKROOT = macosx;
			};
			name = Release;
		};
/* End XCBuildConfiguration section */

/* Begin XCConfigurationList section */
		FE71933E23D71913008827FA /* Build configuration list for PBXProject "JetBrainsRuntime_XCode_project" */ = {
			isa = XCConfigurationList;
			buildConfigurations = (
				FE71934023D71913008827FA /* Debug */,
				FE71934123D71913008827FA /* Release */,
			);
			defaultConfigurationIsVisible = 0;
			defaultConfigurationName = Release;
		};
		FE71934223D71913008827FA /* Build configuration list for PBXLegacyTarget "JetBrainsRuntime release" */ = {
			isa = XCConfigurationList;
			buildConfigurations = (
				FE71934323D71913008827FA /* Debug */,
				FE71934423D71913008827FA /* Release */,
			);
			defaultConfigurationIsVisible = 0;
			defaultConfigurationName = Release;
		};
		FE71934623D71B02008827FA /* Build configuration list for PBXLegacyTarget "JetBrainsRuntime debug" */ = {
			isa = XCConfigurationList;
			buildConfigurations = (
				FE71934723D71B02008827FA /* Debug */,
				FE71934823D71B02008827FA /* Release */,
			);
			defaultConfigurationIsVisible = 0;
			defaultConfigurationName = Release;
		};
		FE71934B23D72119008827FA /* Build configuration list for PBXLegacyTarget "SetConfiguration" */ = {
			isa = XCConfigurationList;
			buildConfigurations = (
				FE71934C23D72119008827FA /* Debug */,
				FE71934D23D72119008827FA /* Release */,
			);
			defaultConfigurationIsVisible = 0;
			defaultConfigurationName = Release;
		};
		FE71935723D7236F008827FA /* Build configuration list for PBXNativeTarget "AutoComplition" */ = {
			isa = XCConfigurationList;
			buildConfigurations = (
				FE71935823D7236F008827FA /* Debug */,
				FE71935923D7236F008827FA /* Release */,
			);
			defaultConfigurationIsVisible = 0;
			defaultConfigurationName = Release;
		};
/* End XCConfigurationList section */
	};
	rootObject = FE71933B23D71913008827FA /* Project object */;
}
